
Microsoft Visual Studio Solution File, Format Version 12.00
# Visual Studio 14
VisualStudioVersion = 14.0.25123.0
MinimumVisualStudioVersion = 10.0.40219.1
Project("{2150E333-8FDC-42A3-9474-1A3956D46DE8}") = "src", "src", "{A2326E4C-E53C-4CF4-9BBE-1B0C0EE5FE82}"
EndProject
Project("{2150E333-8FDC-42A3-9474-1A3956D46DE8}") = "Solution Items", "Solution Items", "{D4DEFF89-B0DC-4C73-98A2-A7F988FD573A}"
	ProjectSection(SolutionItems) = preProject
		global.json = global.json
	EndProjectSection
EndProject
Project("{8BB2217D-0F2D-49D1-97BC-3654ED321F3B}") = "AzureHackathonSample", "src\AzureHackathonSample\AzureHackathonSample.xproj", "{9F9DE4B3-731A-455E-8ED1-72E2509FEA5B}"
EndProject
Global
	GlobalSection(SolutionConfigurationPlatforms) = preSolution
		Debug|Any CPU = Debug|Any CPU
		Release|Any CPU = Release|Any CPU
	EndGlobalSection
	GlobalSection(ProjectConfigurationPlatforms) = postSolution
		{9F9DE4B3-731A-455E-8ED1-72E2509FEA5B}.Debug|Any CPU.ActiveCfg = Debug|Any CPU
		{9F9DE4B3-731A-455E-8ED1-72E2509FEA5B}.Debug|Any CPU.Build.0 = Debug|Any CPU
		{9F9DE4B3-731A-455E-8ED1-72E2509FEA5B}.Release|Any CPU.ActiveCfg = Release|Any CPU
		{9F9DE4B3-731A-455E-8ED1-72E2509FEA5B}.Release|Any CPU.Build.0 = Release|Any CPU
	EndGlobalSection
	GlobalSection(SolutionProperties) = preSolution
		HideSolutionNode = FALSE
	EndGlobalSection
	GlobalSection(NestedProjects) = preSolution
		{9F9DE4B3-731A-455E-8ED1-72E2509FEA5B} = {A2326E4C-E53C-4CF4-9BBE-1B0C0EE5FE82}
	EndGlobalSection
EndGlobal
